
Microsoft Visual Studio Solution File, Format Version 12.00
# Visual Studio Version 16
VisualStudioVersion = 16.0.31729.503
MinimumVisualStudioVersion = 10.0.40219.1
Project("{8BC9CEB8-8B4A-11D0-8D11-00A0C91BC942}") = "6.1(2)", "6.1(2).vcxproj", "{F6169AC7-070C-4F26-B690-8B69DCC71771}"
EndProject
Project("{8BC9CEB8-8B4A-11D0-8D11-00A0C91BC942}") = "UnitTest4", "..\UnitTest4\UnitTest4.vcxproj", "{9A6FA545-F826-4DDD-A9D9-AB005C4335FD}"
EndProject
Global
	GlobalSection(SolutionConfigurationPlatforms) = preSolution
		Debug|x64 = Debug|x64
		Debug|x86 = Debug|x86
		Release|x64 = Release|x64
		Release|x86 = Release|x86
	EndGlobalSection
	GlobalSection(ProjectConfigurationPlatforms) = postSolution
		{F6169AC7-070C-4F26-B690-8B69DCC71771}.Debug|x64.ActiveCfg = Debug|x64
		{F6169AC7-070C-4F26-B690-8B69DCC71771}.Debug|x64.Build.0 = Debug|x64
		{F6169AC7-070C-4F26-B690-8B69DCC71771}.Debug|x86.ActiveCfg = Debug|Win32
		{F6169AC7-070C-4F26-B690-8B69DCC71771}.Debug|x86.Build.0 = Debug|Win32
		{F6169AC7-070C-4F26-B690-8B69DCC71771}.Release|x64.ActiveCfg = Release|x64
		{F6169AC7-070C-4F26-B690-8B69DCC71771}.Release|x64.Build.0 = Release|x64
		{F6169AC7-070C-4F26-B690-8B69DCC71771}.Release|x86.ActiveCfg = Release|Win32
		{F6169AC7-070C-4F26-B690-8B69DCC71771}.Release|x86.Build.0 = Release|Win32
		{9A6FA545-F826-4DDD-A9D9-AB005C4335FD}.Debug|x64.ActiveCfg = Debug|x64
		{9A6FA545-F826-4DDD-A9D9-AB005C4335FD}.Debug|x64.Build.0 = Debug|x64
		{9A6FA545-F826-4DDD-A9D9-AB005C4335FD}.Debug|x86.ActiveCfg = Debug|Win32
		{9A6FA545-F826-4DDD-A9D9-AB005C4335FD}.Debug|x86.Build.0 = Debug|Win32
		{9A6FA545-F826-4DDD-A9D9-AB005C4335FD}.Release|x64.ActiveCfg = Release|x64
		{9A6FA545-F826-4DDD-A9D9-AB005C4335FD}.Release|x64.Build.0 = Release|x64
		{9A6FA545-F826-4DDD-A9D9-AB005C4335FD}.Release|x86.ActiveCfg = Release|Win32
		{9A6FA545-F826-4DDD-A9D9-AB005C4335FD}.Release|x86.Build.0 = Release|Win32
	EndGlobalSection
	GlobalSection(SolutionProperties) = preSolution
		HideSolutionNode = FALSE
	EndGlobalSection
	GlobalSection(ExtensibilityGlobals) = postSolution
		SolutionGuid = {223DC9A6-D7E3-475B-957F-2DD9A49FE8E6}
	EndGlobalSection
EndGlobal
